
Microsoft Visual Studio Solution File, Format Version 12.00
# Visual Studio Version 17
VisualStudioVersion = 17.14.36401.2 d17.14
MinimumVisualStudioVersion = 10.0.40219.1
Project("{FAE04EC0-301F-11D3-BF4B-00C04F79EFBC}") = "TestMeApp", "TestMeApp\TestMeApp.csproj", "{D1EA8A5B-98B8-4FFF-8778-C37210283BA0}"
EndProject
Global
	GlobalSection(SolutionConfigurationPlatforms) = preSolution
		Debug|Any CPU = Debug|Any CPU
		Release|Any CPU = Release|Any CPU
	EndGlobalSection
	GlobalSection(ProjectConfigurationPlatforms) = postSolution
		{D1EA8A5B-98B8-4FFF-8778-C37210283BA0}.Debug|Any CPU.ActiveCfg = Debug|Any CPU
		{D1EA8A5B-98B8-4FFF-8778-C37210283BA0}.Debug|Any CPU.Build.0 = Debug|Any CPU
		{D1EA8A5B-98B8-4FFF-8778-C37210283BA0}.Release|Any CPU.ActiveCfg = Release|Any CPU
		{D1EA8A5B-98B8-4FFF-8778-C37210283BA0}.Release|Any CPU.Build.0 = Release|Any CPU
	EndGlobalSection
	GlobalSection(SolutionProperties) = preSolution
		HideSolutionNode = FALSE
	EndGlobalSection
	GlobalSection(ExtensibilityGlobals) = postSolution
		SolutionGuid = {4C7CBA3B-3A1A-4A73-A1DC-B0D4E1011425}
	EndGlobalSection
EndGlobal
